
Microsoft Visual Studio Solution File, Format Version 12.00
# Visual Studio Version 17
VisualStudioVersion = 17.0.31903.59
MinimumVisualStudioVersion = 10.0.40219.1
Project("{2150E333-8FDC-42A3-9474-1A3956D46DE8}") = "src", "src", "{5DE7E51B-70D8-4493-8B43-92C821846BA3}"
EndProject
Project("{FAE04EC0-301F-11D3-BF4B-00C04F79EFBC}") = "AuctionService", "src\AuctionService\AuctionService.csproj", "{B9D7F862-073F-4FE1-917A-04C2F859281F}"
EndProject
Project("{FAE04EC0-301F-11D3-BF4B-00C04F79EFBC}") = "SearchService", "src\SearchService\SearchService.csproj", "{B16CBA9A-6E95-441B-8228-4F4EFA95BC97}"
EndProject
Project("{FAE04EC0-301F-11D3-BF4B-00C04F79EFBC}") = "Contracts", "src\Contracts\Contracts.csproj", "{7DC6C46D-013A-4C4A-8DF0-6BB84EF66B0E}"
EndProject
Project("{FAE04EC0-301F-11D3-BF4B-00C04F79EFBC}") = "IdentityService", "src\IdentityService\IdentityService.csproj", "{816B708A-6B3F-4227-B37D-804A0DBAAA09}"
EndProject
Global
	GlobalSection(SolutionConfigurationPlatforms) = preSolution
		Debug|Any CPU = Debug|Any CPU
		Release|Any CPU = Release|Any CPU
	EndGlobalSection
	GlobalSection(SolutionProperties) = preSolution
		HideSolutionNode = FALSE
	EndGlobalSection
	GlobalSection(ProjectConfigurationPlatforms) = postSolution
		{B9D7F862-073F-4FE1-917A-04C2F859281F}.Debug|Any CPU.ActiveCfg = Debug|Any CPU
		{B9D7F862-073F-4FE1-917A-04C2F859281F}.Debug|Any CPU.Build.0 = Debug|Any CPU
		{B9D7F862-073F-4FE1-917A-04C2F859281F}.Release|Any CPU.ActiveCfg = Release|Any CPU
		{B9D7F862-073F-4FE1-917A-04C2F859281F}.Release|Any CPU.Build.0 = Release|Any CPU
		{B16CBA9A-6E95-441B-8228-4F4EFA95BC97}.Debug|Any CPU.ActiveCfg = Debug|Any CPU
		{B16CBA9A-6E95-441B-8228-4F4EFA95BC97}.Debug|Any CPU.Build.0 = Debug|Any CPU
		{B16CBA9A-6E95-441B-8228-4F4EFA95BC97}.Release|Any CPU.ActiveCfg = Release|Any CPU
		{B16CBA9A-6E95-441B-8228-4F4EFA95BC97}.Release|Any CPU.Build.0 = Release|Any CPU
		{7DC6C46D-013A-4C4A-8DF0-6BB84EF66B0E}.Debug|Any CPU.ActiveCfg = Debug|Any CPU
		{7DC6C46D-013A-4C4A-8DF0-6BB84EF66B0E}.Debug|Any CPU.Build.0 = Debug|Any CPU
		{7DC6C46D-013A-4C4A-8DF0-6BB84EF66B0E}.Release|Any CPU.ActiveCfg = Release|Any CPU
		{7DC6C46D-013A-4C4A-8DF0-6BB84EF66B0E}.Release|Any CPU.Build.0 = Release|Any CPU
		{816B708A-6B3F-4227-B37D-804A0DBAAA09}.Debug|Any CPU.ActiveCfg = Debug|Any CPU
		{816B708A-6B3F-4227-B37D-804A0DBAAA09}.Debug|Any CPU.Build.0 = Debug|Any CPU
		{816B708A-6B3F-4227-B37D-804A0DBAAA09}.Release|Any CPU.ActiveCfg = Release|Any CPU
		{816B708A-6B3F-4227-B37D-804A0DBAAA09}.Release|Any CPU.Build.0 = Release|Any CPU
	EndGlobalSection
	GlobalSection(NestedProjects) = preSolution
		{B9D7F862-073F-4FE1-917A-04C2F859281F} = {5DE7E51B-70D8-4493-8B43-92C821846BA3}
		{B16CBA9A-6E95-441B-8228-4F4EFA95BC97} = {5DE7E51B-70D8-4493-8B43-92C821846BA3}
		{7DC6C46D-013A-4C4A-8DF0-6BB84EF66B0E} = {5DE7E51B-70D8-4493-8B43-92C821846BA3}
		{816B708A-6B3F-4227-B37D-804A0DBAAA09} = {5DE7E51B-70D8-4493-8B43-92C821846BA3}
	EndGlobalSection
EndGlobal
